// !$*UTF8*$!
{
	archiveVersion = 1;
	classes = {
	};
	objectVersion = 50;
	objects = {

/* Begin PBXBuildFile section */
		D47EBA5426480B3F00D3A353 /* AppDelegate.swift in Sources */ = {isa = PBXBuildFile; fileRef = D47EBA5326480B3F00D3A353 /* AppDelegate.swift */; };
		D47EBA5626480B3F00D3A353 /* SceneDelegate.swift in Sources */ = {isa = PBXBuildFile; fileRef = D47EBA5526480B3F00D3A353 /* SceneDelegate.swift */; };
		D47EBA5B26480B3F00D3A353 /* Main.storyboard in Resources */ = {isa = PBXBuildFile; fileRef = D47EBA5926480B3F00D3A353 /* Main.storyboard */; };
		D47EBA5D26480B4300D3A353 /* Assets.xcassets in Resources */ = {isa = PBXBuildFile; fileRef = D47EBA5C26480B4300D3A353 /* Assets.xcassets */; };
		D47EBA6026480B4300D3A353 /* LaunchScreen.storyboard in Resources */ = {isa = PBXBuildFile; fileRef = D47EBA5E26480B4300D3A353 /* LaunchScreen.storyboard */; };
		D47EBA6F26480C9A00D3A353 /* SignInViewController.xib in Resources */ = {isa = PBXBuildFile; fileRef = D47EBA6826480C9900D3A353 /* SignInViewController.xib */; };
		D47EBA7026480C9A00D3A353 /* HomeViewController.xib in Resources */ = {isa = PBXBuildFile; fileRef = D47EBA6926480C9900D3A353 /* HomeViewController.xib */; };
		D47EBA7126480C9A00D3A353 /* SignUpViewController.swift in Sources */ = {isa = PBXBuildFile; fileRef = D47EBA6A26480C9900D3A353 /* SignUpViewController.swift */; };
		D47EBA7226480C9A00D3A353 /* HomeViewController.swift in Sources */ = {isa = PBXBuildFile; fileRef = D47EBA6B26480C9900D3A353 /* HomeViewController.swift */; };
		D47EBA7326480C9A00D3A353 /* BaseViewController.swift in Sources */ = {isa = PBXBuildFile; fileRef = D47EBA6C26480C9A00D3A353 /* BaseViewController.swift */; };
		D47EBA7426480C9A00D3A353 /* SignInViewController.swift in Sources */ = {isa = PBXBuildFile; fileRef = D47EBA6D26480C9A00D3A353 /* SignInViewController.swift */; };
		D47EBA7526480C9A00D3A353 /* SignUpViewController.xib in Resources */ = {isa = PBXBuildFile; fileRef = D47EBA6E26480C9A00D3A353 /* SignUpViewController.xib */; };
		D47EBA8026480D6200D3A353 /* PostTableViewCell.swift in Sources */ = {isa = PBXBuildFile; fileRef = D47EBA7E26480D6200D3A353 /* PostTableViewCell.swift */; };
		D47EBA8126480D6200D3A353 /* PostTableViewCell.xib in Resources */ = {isa = PBXBuildFile; fileRef = D47EBA7F26480D6200D3A353 /* PostTableViewCell.xib */; };
		D47EBA8626480DA300D3A353 /* Post.swift in Sources */ = {isa = PBXBuildFile; fileRef = D47EBA8526480DA300D3A353 /* Post.swift */; };
/* End PBXBuildFile section */

/* Begin PBXFileReference section */
		D47EBA5026480B3F00D3A353 /* Time.app */ = {isa = PBXFileReference; explicitFileType = wrapper.application; includeInIndex = 0; path = Time.app; sourceTree = BUILT_PRODUCTS_DIR; };
		D47EBA5326480B3F00D3A353 /* AppDelegate.swift */ = {isa = PBXFileReference; lastKnownFileType = sourcecode.swift; path = AppDelegate.swift; sourceTree = "<group>"; };
		D47EBA5526480B3F00D3A353 /* SceneDelegate.swift */ = {isa = PBXFileReference; lastKnownFileType = sourcecode.swift; path = SceneDelegate.swift; sourceTree = "<group>"; };
		D47EBA5A26480B3F00D3A353 /* Base */ = {isa = PBXFileReference; lastKnownFileType = file.storyboard; name = Base; path = Base.lproj/Main.storyboard; sourceTree = "<group>"; };
		D47EBA5C26480B4300D3A353 /* Assets.xcassets */ = {isa = PBXFileReference; lastKnownFileType = folder.assetcatalog; path = Assets.xcassets; sourceTree = "<group>"; };
		D47EBA5F26480B4300D3A353 /* Base */ = {isa = PBXFileReference; lastKnownFileType = file.storyboard; name = Base; path = Base.lproj/LaunchScreen.storyboard; sourceTree = "<group>"; };
		D47EBA6126480B4300D3A353 /* Info.plist */ = {isa = PBXFileReference; lastKnownFileType = text.plist.xml; path = Info.plist; sourceTree = "<group>"; };
		D47EBA6826480C9900D3A353 /* SignInViewController.xib */ = {isa = PBXFileReference; fileEncoding = 4; lastKnownFileType = file.xib; path = SignInViewController.xib; sourceTree = "<group>"; };
		D47EBA6926480C9900D3A353 /* HomeViewController.xib */ = {isa = PBXFileReference; fileEncoding = 4; lastKnownFileType = file.xib; path = HomeViewController.xib; sourceTree = "<group>"; };
		D47EBA6A26480C9900D3A353 /* SignUpViewController.swift */ = {isa = PBXFileReference; fileEncoding = 4; lastKnownFileType = sourcecode.swift; path = SignUpViewController.swift; sourceTree = "<group>"; };
		D47EBA6B26480C9900D3A353 /* HomeViewController.swift */ = {isa = PBXFileReference; fileEncoding = 4; lastKnownFileType = sourcecode.swift; path = HomeViewController.swift; sourceTree = "<group>"; };
		D47EBA6C26480C9A00D3A353 /* BaseViewController.swift */ = {isa = PBXFileReference; fileEncoding = 4; lastKnownFileType = sourcecode.swift; path = BaseViewController.swift; sourceTree = "<group>"; };
		D47EBA6D26480C9A00D3A353 /* SignInViewController.swift */ = {isa = PBXFileReference; fileEncoding = 4; lastKnownFileType = sourcecode.swift; path = SignInViewController.swift; sourceTree = "<group>"; };
		D47EBA6E26480C9A00D3A353 /* SignUpViewController.xib */ = {isa = PBXFileReference; fileEncoding = 4; lastKnownFileType = file.xib; path = SignUpViewController.xib; sourceTree = "<group>"; };
		D47EBA7E26480D6200D3A353 /* PostTableViewCell.swift */ = {isa = PBXFileReference; fileEncoding = 4; lastKnownFileType = sourcecode.swift; path = PostTableViewCell.swift; sourceTree = "<group>"; };
		D47EBA7F26480D6200D3A353 /* PostTableViewCell.xib */ = {isa = PBXFileReference; fileEncoding = 4; lastKnownFileType = file.xib; path = PostTableViewCell.xib; sourceTree = "<group>"; };
		D47EBA8526480DA300D3A353 /* Post.swift */ = {isa = PBXFileReference; fileEncoding = 4; lastKnownFileType = sourcecode.swift; path = Post.swift; sourceTree = "<group>"; };
/* End PBXFileReference section */

/* Begin PBXFrameworksBuildPhase section */
		D47EBA4D26480B3F00D3A353 /* Frameworks */ = {
			isa = PBXFrameworksBuildPhase;
			buildActionMask = 2147483647;
			files = (
			);
			runOnlyForDeploymentPostprocessing = 0;
		};
/* End PBXFrameworksBuildPhase section */

/* Begin PBXGroup section */
		D47EBA4726480B3F00D3A353 = {
			isa = PBXGroup;
			children = (
				D47EBA5226480B3F00D3A353 /* Time */,
				D47EBA5126480B3F00D3A353 /* Products */,
			);
			sourceTree = "<group>";
		};
		D47EBA5126480B3F00D3A353 /* Products */ = {
			isa = PBXGroup;
			children = (
				D47EBA5026480B3F00D3A353 /* Time.app */,
			);
			name = Products;
			sourceTree = "<group>";
		};
		D47EBA5226480B3F00D3A353 /* Time */ = {
			isa = PBXGroup;
			children = (
				D4C76E37264D5D7A0065820B /* apputilis */,
				D47EBA8426480D8400D3A353 /* model */,
				D47EBA7D26480D2800D3A353 /* cells */,
				D47EBA7726480CD000D3A353 /* controllers */,
				D47EBA5326480B3F00D3A353 /* AppDelegate.swift */,
				D47EBA5526480B3F00D3A353 /* SceneDelegate.swift */,
				D47EBA6126480B4300D3A353 /* Info.plist */,
			);
			path = Time;
			sourceTree = "<group>";
		};
		D47EBA7726480CD000D3A353 /* controllers */ = {
			isa = PBXGroup;
			children = (
				D47EBA6C26480C9A00D3A353 /* BaseViewController.swift */,
				D47EBA6B26480C9900D3A353 /* HomeViewController.swift */,
				D47EBA6926480C9900D3A353 /* HomeViewController.xib */,
				D47EBA6D26480C9A00D3A353 /* SignInViewController.swift */,
				D47EBA6826480C9900D3A353 /* SignInViewController.xib */,
				D47EBA6A26480C9900D3A353 /* SignUpViewController.swift */,
				D47EBA6E26480C9A00D3A353 /* SignUpViewController.xib */,
			);
			path = controllers;
			sourceTree = "<group>";
		};
		D47EBA7D26480D2800D3A353 /* cells */ = {
			isa = PBXGroup;
			children = (
				D47EBA7E26480D6200D3A353 /* PostTableViewCell.swift */,
				D47EBA7F26480D6200D3A353 /* PostTableViewCell.xib */,
			);
			path = cells;
			sourceTree = "<group>";
		};
		D47EBA8426480D8400D3A353 /* model */ = {
			isa = PBXGroup;
			children = (
				D47EBA8526480DA300D3A353 /* Post.swift */,
			);
			path = model;
			sourceTree = "<group>";
		};
		D4C76E37264D5D7A0065820B /* apputilis */ = {
			isa = PBXGroup;
			children = (
				D47EBA5C26480B4300D3A353 /* Assets.xcassets */,
				D47EBA5E26480B4300D3A353 /* LaunchScreen.storyboard */,
				D47EBA5926480B3F00D3A353 /* Main.storyboard */,
			);
			path = apputilis;
			sourceTree = "<group>";
		};
/* End PBXGroup section */

/* Begin PBXNativeTarget section */
		D47EBA4F26480B3F00D3A353 /* Time */ = {
			isa = PBXNativeTarget;
			buildConfigurationList = D47EBA6426480B4300D3A353 /* Build configuration list for PBXNativeTarget "Time" */;
			buildPhases = (
				D47EBA4C26480B3F00D3A353 /* Sources */,
				D47EBA4D26480B3F00D3A353 /* Frameworks */,
				D47EBA4E26480B3F00D3A353 /* Resources */,
			);
			buildRules = (
			);
			dependencies = (
			);
			name = Time;
			productName = Time;
			productReference = D47EBA5026480B3F00D3A353 /* Time.app */;
			productType = "com.apple.product-type.application";
		};
/* End PBXNativeTarget section */

/* Begin PBXProject section */
		D47EBA4826480B3F00D3A353 /* Project object */ = {
			isa = PBXProject;
			attributes = {
				LastSwiftUpdateCheck = 1240;
				LastUpgradeCheck = 1240;
				TargetAttributes = {
					D47EBA4F26480B3F00D3A353 = {
						CreatedOnToolsVersion = 12.4;
					};
				};
			};
			buildConfigurationList = D47EBA4B26480B3F00D3A353 /* Build configuration list for PBXProject "Time" */;
			compatibilityVersion = "Xcode 9.3";
			developmentRegion = en;
			hasScannedForEncodings = 0;
			knownRegions = (
				en,
				Base,
			);
			mainGroup = D47EBA4726480B3F00D3A353;
			productRefGroup = D47EBA5126480B3F00D3A353 /* Products */;
			projectDirPath = "";
			projectRoot = "";
			targets = (
				D47EBA4F26480B3F00D3A353 /* Time */,
			);
		};
/* End PBXProject section */

/* Begin PBXResourcesBuildPhase section */
		D47EBA4E26480B3F00D3A353 /* Resources */ = {
			isa = PBXResourcesBuildPhase;
			buildActionMask = 2147483647;
			files = (
				D47EBA6F26480C9A00D3A353 /* SignInViewController.xib in Resources */,
				D47EBA6026480B4300D3A353 /* LaunchScreen.storyboard in Resources */,
				D47EBA8126480D6200D3A353 /* PostTableViewCell.xib in Resources */,
				D47EBA7026480C9A00D3A353 /* HomeViewController.xib in Resources */,
				D47EBA5D26480B4300D3A353 /* Assets.xcassets in Resources */,
				D47EBA7526480C9A00D3A353 /* SignUpViewController.xib in Resources */,
				D47EBA5B26480B3F00D3A353 /* Main.storyboard in Resources */,
			);
			runOnlyForDeploymentPostprocessing = 0;
		};
/* End PBXResourcesBuildPhase section */

/* Begin PBXSourcesBuildPhase section */
		D47EBA4C26480B3F00D3A353 /* Sources */ = {
			isa = PBXSourcesBuildPhase;
			buildActionMask = 2147483647;
			files = (
				D47EBA7426480C9A00D3A353 /* SignInViewController.swift in Sources */,
				D47EBA7226480C9A00D3A353 /* HomeViewController.swift in Sources */,
				D47EBA8026480D6200D3A353 /* PostTableViewCell.swift in Sources */,
				D47EBA5426480B3F00D3A353 /* AppDelegate.swift in Sources */,
				D47EBA7126480C9A00D3A353 /* SignUpViewController.swift in Sources */,
				D47EBA8626480DA300D3A353 /* Post.swift in Sources */,
				D47EBA5626480B3F00D3A353 /* SceneDelegate.swift in Sources */,
				D47EBA7326480C9A00D3A353 /* BaseViewController.swift in Sources */,
			);
			runOnlyForDeploymentPostprocessing = 0;
		};
/* End PBXSourcesBuildPhase section */

/* Begin PBXVariantGroup section */
		D47EBA5926480B3F00D3A353 /* Main.storyboard */ = {
			isa = PBXVariantGroup;
			children = (
				D47EBA5A26480B3F00D3A353 /* Base */,
			);
			name = Main.storyboard;
			sourceTree = "<group>";
		};
		D47EBA5E26480B4300D3A353 /* LaunchScreen.storyboard */ = {
			isa = PBXVariantGroup;
			children = (
				D47EBA5F26480B4300D3A353 /* Base */,
			);
			name = LaunchScreen.storyboard;
			sourceTree = "<group>";
		};
/* End PBXVariantGroup section */

/* Begin XCBuildConfiguration section */
		D47EBA6226480B4300D3A353 /* Debug */ = {
			isa = XCBuildConfiguration;
			buildSettings = {
				ALWAYS_SEARCH_USER_PATHS = NO;
				CLANG_ANALYZER_NONNULL = YES;
				CLANG_ANALYZER_NUMBER_OBJECT_CONVERSION = YES_AGGRESSIVE;
				CLANG_CXX_LANGUAGE_STANDARD = "gnu++14";
				CLANG_CXX_LIBRARY = "libc++";
				CLANG_ENABLE_MODULES = YES;
				CLANG_ENABLE_OBJC_ARC = YES;
				CLANG_ENABLE_OBJC_WEAK = YES;
				CLANG_WARN_BLOCK_CAPTURE_AUTORELEASING = YES;
				CLANG_WARN_BOOL_CONVERSION = YES;
				CLANG_WARN_COMMA = YES;
				CLANG_WARN_CONSTANT_CONVERSION = YES;
				CLANG_WARN_DEPRECATED_OBJC_IMPLEMENTATIONS = YES;
				CLANG_WARN_DIRECT_OBJC_ISA_USAGE = YES_ERROR;
				CLANG_WARN_DOCUMENTATION_COMMENTS = YES;
				CLANG_WARN_EMPTY_BODY = YES;
				CLANG_WARN_ENUM_CONVERSION = YES;
				CLANG_WARN_INFINITE_RECURSION = YES;
				CLANG_WARN_INT_CONVERSION = YES;
				CLANG_WARN_NON_LITERAL_NULL_CONVERSION = YES;
				CLANG_WARN_OBJC_IMPLICIT_RETAIN_SELF = YES;
				CLANG_WARN_OBJC_LITERAL_CONVERSION = YES;
				CLANG_WARN_OBJC_ROOT_CLASS = YES_ERROR;
				CLANG_WARN_QUOTED_INCLUDE_IN_FRAMEWORK_HEADER = YES;
				CLANG_WARN_RANGE_LOOP_ANALYSIS = YES;
				CLANG_WARN_STRICT_PROTOTYPES = YES;
				CLANG_WARN_SUSPICIOUS_MOVE = YES;
				CLANG_WARN_UNGUARDED_AVAILABILITY = YES_AGGRESSIVE;
				CLANG_WARN_UNREACHABLE_CODE = YES;
				CLANG_WARN__DUPLICATE_METHOD_MATCH = YES;
				COPY_PHASE_STRIP = NO;
				DEBUG_INFORMATION_FORMAT = dwarf;
				ENABLE_STRICT_OBJC_MSGSEND = YES;
				ENABLE_TESTABILITY = YES;
				GCC_C_LANGUAGE_STANDARD = gnu11;
				GCC_DYNAMIC_NO_PIC = NO;
				GCC_NO_COMMON_BLOCKS = YES;
				GCC_OPTIMIZATION_LEVEL = 0;
				GCC_PREPROCESSOR_DEFINITIONS = (
					"DEBUG=1",
					"$(inherited)",
				);
				GCC_WARN_64_TO_32_BIT_CONVERSION = YES;
				GCC_WARN_ABOUT_RETURN_TYPE = YES_ERROR;
				GCC_WARN_UNDECLARED_SELECTOR = YES;
				GCC_WARN_UNINITIALIZED_AUTOS = YES_AGGRESSIVE;
				GCC_WARN_UNUSED_FUNCTION = YES;
				GCC_WARN_UNUSED_VARIABLE = YES;
				IPHONEOS_DEPLOYMENT_TARGET = 14.4;
				MTL_ENABLE_DEBUG_INFO = INCLUDE_SOURCE;
				MTL_FAST_MATH = YES;
				ONLY_ACTIVE_ARCH = YES;
				SDKROOT = iphoneos;
				SWIFT_ACTIVE_COMPILATION_CONDITIONS = DEBUG;
				SWIFT_OPTIMIZATION_LEVEL = "-Onone";
			};
			name = Debug;
		};
		D47EBA6326480B4300D3A353 /* Release */ = {
			isa = XCBuildConfiguration;
			buildSettings = {
				ALWAYS_SEARCH_USER_PATHS = NO;
				CLANG_ANALYZER_NONNULL = YES;
				CLANG_ANALYZER_NUMBER_OBJECT_CONVERSION = YES_AGGRESSIVE;
				CLANG_CXX_LANGUAGE_STANDARD = "gnu++14";
				CLANG_CXX_LIBRARY = "libc++";
				CLANG_ENABLE_MODULES = YES;
				CLANG_ENABLE_OBJC_ARC = YES;
				CLANG_ENABLE_OBJC_WEAK = YES;
				CLANG_WARN_BLOCK_CAPTURE_AUTORELEASING = YES;
				CLANG_WARN_BOOL_CONVERSION = YES;
				CLANG_WARN_COMMA = YES;
				CLANG_WARN_CONSTANT_CONVERSION = YES;
				CLANG_WARN_DEPRECATED_OBJC_IMPLEMENTATIONS = YES;
				CLANG_WARN_DIRECT_OBJC_ISA_USAGE = YES_ERROR;
				CLANG_WARN_DOCUMENTATION_COMMENTS = YES;
				CLANG_WARN_EMPTY_BODY = YES;
				CLANG_WARN_ENUM_CONVERSION = YES;
				CLANG_WARN_INFINITE_RECURSION = YES;
				CLANG_WARN_INT_CONVERSION = YES;
				CLANG_WARN_NON_LITERAL_NULL_CONVERSION = YES;
				CLANG_WARN_OBJC_IMPLICIT_RETAIN_SELF = YES;
				CLANG_WARN_OBJC_LITERAL_CONVERSION = YES;
				CLANG_WARN_OBJC_ROOT_CLASS = YES_ERROR;
				CLANG_WARN_QUOTED_INCLUDE_IN_FRAMEWORK_HEADER = YES;
				CLANG_WARN_RANGE_LOOP_ANALYSIS = YES;
				CLANG_WARN_STRICT_PROTOTYPES = YES;
				CLANG_WARN_SUSPICIOUS_MOVE = YES;
				CLANG_WARN_UNGUARDED_AVAILABILITY = YES_AGGRESSIVE;
				CLANG_WARN_UNREACHABLE_CODE = YES;
				CLANG_WARN__DUPLICATE_METHOD_MATCH = YES;
				COPY_PHASE_STRIP = NO;
				DEBUG_INFORMATION_FORMAT = "dwarf-with-dsym";
				ENABLE_NS_ASSERTIONS = NO;
				ENABLE_STRICT_OBJC_MSGSEND = YES;
				GCC_C_LANGUAGE_STANDARD = gnu11;
				GCC_NO_COMMON_BLOCKS = YES;
				GCC_WARN_64_TO_32_BIT_CONVERSION = YES;
				GCC_WARN_ABOUT_RETURN_TYPE = YES_ERROR;
				GCC_WARN_UNDECLARED_SELECTOR = YES;
				GCC_WARN_UNINITIALIZED_AUTOS = YES_AGGRESSIVE;
				GCC_WARN_UNUSED_FUNCTION = YES;
				GCC_WARN_UNUSED_VARIABLE = YES;
				IPHONEOS_DEPLOYMENT_TARGET = 14.4;
				MTL_ENABLE_DEBUG_INFO = NO;
				MTL_FAST_MATH = YES;
				SDKROOT = iphoneos;
				SWIFT_COMPILATION_MODE = wholemodule;
				SWIFT_OPTIMIZATION_LEVEL = "-O";
				VALIDATE_PRODUCT = YES;
			};
			name = Release;
		};
		D47EBA6526480B4300D3A353 /* Debug */ = {
			isa = XCBuildConfiguration;
			buildSettings = {
				ASSETCATALOG_COMPILER_APPICON_NAME = AppIcon;
				ASSETCATALOG_COMPILER_GLOBAL_ACCENT_COLOR_NAME = AccentColor;
				CODE_SIGN_STYLE = Automatic;
				DEVELOPMENT_TEAM = HFBB6GBVXZ;
				INFOPLIST_FILE = Time/Info.plist;
				LD_RUNPATH_SEARCH_PATHS = (
					"$(inherited)",
					"@executable_path/Frameworks",
				);
				PRODUCT_BUNDLE_IDENTIFIER = Time.Time;
				PRODUCT_NAME = "$(TARGET_NAME)";
				SWIFT_VERSION = 5.0;
				TARGETED_DEVICE_FAMILY = "1,2";
			};
			name = Debug;
		};
		D47EBA6626480B4300D3A353 /* Release */ = {
			isa = XCBuildConfiguration;
			buildSettings = {
				ASSETCATALOG_COMPILER_APPICON_NAME = AppIcon;
				ASSETCATALOG_COMPILER_GLOBAL_ACCENT_COLOR_NAME = AccentColor;
				CODE_SIGN_STYLE = Automatic;
				DEVELOPMENT_TEAM = HFBB6GBVXZ;
				INFOPLIST_FILE = Time/Info.plist;
				LD_RUNPATH_SEARCH_PATHS = (
					"$(inherited)",
					"@executable_path/Frameworks",
				);
				PRODUCT_BUNDLE_IDENTIFIER = Time.Time;
				PRODUCT_NAME = "$(TARGET_NAME)";
				SWIFT_VERSION = 5.0;
				TARGETED_DEVICE_FAMILY = "1,2";
			};
			name = Release;
		};
/* End XCBuildConfiguration section */

/* Begin XCConfigurationList section */
		D47EBA4B26480B3F00D3A353 /* Build configuration list for PBXProject "Time" */ = {
			isa = XCConfigurationList;
			buildConfigurations = (
				D47EBA6226480B4300D3A353 /* Debug */,
				D47EBA6326480B4300D3A353 /* Release */,
			);
			defaultConfigurationIsVisible = 0;
			defaultConfigurationName = Release;
		};
		D47EBA6426480B4300D3A353 /* Build configuration list for PBXNativeTarget "Time" */ = {
			isa = XCConfigurationList;
			buildConfigurations = (
				D47EBA6526480B4300D3A353 /* Debug */,
				D47EBA6626480B4300D3A353 /* Release */,
			);
			defaultConfigurationIsVisible = 0;
			defaultConfigurationName = Release;
		};
/* End XCConfigurationList section */
	};
	rootObject = D47EBA4826480B3F00D3A353 /* Project object */;
}
